
Microsoft Visual Studio Solution File, Format Version 12.00
# Visual Studio Version 17
VisualStudioVersion = 17.4.33122.133
MinimumVisualStudioVersion = 10.0.40219.1
Project("{9A19103F-16F7-4668-BE54-9A1E7A4F7556}") = "MyTodo.Api", "MyTodo.Api\MyTodo.Api.csproj", "{F4D3A1AD-2D8C-43AA-B42A-49EF97835AFF}"
EndProject
Project("{9A19103F-16F7-4668-BE54-9A1E7A4F7556}") = "MyTodo.Storage", "MyTodo.Storage\MyTodo.Storage.csproj", "{4BDE9A84-B504-4DFB-9D0D-D4CD10EBB221}"
EndProject
Project("{FAE04EC0-301F-11D3-BF4B-00C04F79EFBC}") = "MyTodo.Domain", "MyTodo.Domain\MyTodo.Domain.csproj", "{021767AB-0100-49B3-8277-AFA430A2A3EF}"
EndProject
Global
	GlobalSection(SolutionConfigurationPlatforms) = preSolution
		Debug|Any CPU = Debug|Any CPU
		Release|Any CPU = Release|Any CPU
	EndGlobalSection
	GlobalSection(ProjectConfigurationPlatforms) = postSolution
		{F4D3A1AD-2D8C-43AA-B42A-49EF97835AFF}.Debug|Any CPU.ActiveCfg = Debug|Any CPU
		{F4D3A1AD-2D8C-43AA-B42A-49EF97835AFF}.Debug|Any CPU.Build.0 = Debug|Any CPU
		{F4D3A1AD-2D8C-43AA-B42A-49EF97835AFF}.Release|Any CPU.ActiveCfg = Release|Any CPU
		{F4D3A1AD-2D8C-43AA-B42A-49EF97835AFF}.Release|Any CPU.Build.0 = Release|Any CPU
		{4BDE9A84-B504-4DFB-9D0D-D4CD10EBB221}.Debug|Any CPU.ActiveCfg = Debug|Any CPU
		{4BDE9A84-B504-4DFB-9D0D-D4CD10EBB221}.Debug|Any CPU.Build.0 = Debug|Any CPU
		{4BDE9A84-B504-4DFB-9D0D-D4CD10EBB221}.Release|Any CPU.ActiveCfg = Release|Any CPU
		{4BDE9A84-B504-4DFB-9D0D-D4CD10EBB221}.Release|Any CPU.Build.0 = Release|Any CPU
		{021767AB-0100-49B3-8277-AFA430A2A3EF}.Debug|Any CPU.ActiveCfg = Debug|Any CPU
		{021767AB-0100-49B3-8277-AFA430A2A3EF}.Debug|Any CPU.Build.0 = Debug|Any CPU
		{021767AB-0100-49B3-8277-AFA430A2A3EF}.Release|Any CPU.ActiveCfg = Release|Any CPU
		{021767AB-0100-49B3-8277-AFA430A2A3EF}.Release|Any CPU.Build.0 = Release|Any CPU
	EndGlobalSection
	GlobalSection(SolutionProperties) = preSolution
		HideSolutionNode = FALSE
	EndGlobalSection
	GlobalSection(ExtensibilityGlobals) = postSolution
		SolutionGuid = {31FD63E9-489C-49AB-95F3-E9ED04AB41E3}
	EndGlobalSection
EndGlobal
